// !$*UTF8*$!
{
	archiveVersion = 1;
	classes = {
	};
	objectVersion = 46;
	objects = {

/* Begin PBXBuildFile section */
		54FF595D1DD276F000F470F6 /* Assets.xcassets in Resources */ = {isa = PBXBuildFile; fileRef = 54FF595C1DD276F000F470F6 /* Assets.xcassets */; };
		54FF596B1DD276F000F470F6 /* parkDTests.swift in Sources */ = {isa = PBXBuildFile; fileRef = 54FF596A1DD276F000F470F6 /* parkDTests.swift */; };
		54FF59761DD276F000F470F6 /* parkDUITests.swift in Sources */ = {isa = PBXBuildFile; fileRef = 54FF59751DD276F000F470F6 /* parkDUITests.swift */; };
		54FF59851DD7FE7800F470F6 /* Default-568h@2x.png in Resources */ = {isa = PBXBuildFile; fileRef = 54FF59841DD7FE7800F470F6 /* Default-568h@2x.png */; };
		54FF59871DD80CED00F470F6 /* SignUpViewController.swift in Sources */ = {isa = PBXBuildFile; fileRef = 54FF59861DD80CED00F470F6 /* SignUpViewController.swift */; };
		54FF598A1DD81B2A00F470F6 /* AppDelegate.swift in Sources */ = {isa = PBXBuildFile; fileRef = 54FF59881DD81B2A00F470F6 /* AppDelegate.swift */; };
		6060B9321DE2AAF400A9AEF8 /* EditProfileViewController.swift in Sources */ = {isa = PBXBuildFile; fileRef = 6060B9311DE2AAF400A9AEF8 /* EditProfileViewController.swift */; };
		66039DC61DD2A860004B494A /* LaunchScreen.storyboard in Resources */ = {isa = PBXBuildFile; fileRef = 66039DBF1DD2A860004B494A /* LaunchScreen.storyboard */; };
		66039DD01DD2A965004B494A /* User.swift in Sources */ = {isa = PBXBuildFile; fileRef = 66039DCF1DD2A965004B494A /* User.swift */; };
		66039DD21DD2AA37004B494A /* GoogleService-Info.plist in Resources */ = {isa = PBXBuildFile; fileRef = 66039DD11DD2AA37004B494A /* GoogleService-Info.plist */; };
		66039DD31DD2AA37004B494A /* GoogleService-Info.plist in Resources */ = {isa = PBXBuildFile; fileRef = 66039DD11DD2AA37004B494A /* GoogleService-Info.plist */; };
		66039DD41DD2AA37004B494A /* GoogleService-Info.plist in Resources */ = {isa = PBXBuildFile; fileRef = 66039DD11DD2AA37004B494A /* GoogleService-Info.plist */; };
		66137D471DDD515E00B99C50 /* ParkingPass.swift in Sources */ = {isa = PBXBuildFile; fileRef = 66137D461DDD515E00B99C50 /* ParkingPass.swift */; };
		66137D4D1DDD5FE100B99C50 /* TagListTableViewController.swift in Sources */ = {isa = PBXBuildFile; fileRef = 66137D4C1DDD5FE100B99C50 /* TagListTableViewController.swift */; };
		662C6F641DDD323A0056CF21 /* UserVerifier.swift in Sources */ = {isa = PBXBuildFile; fileRef = 662C6F631DDD323A0056CF21 /* UserVerifier.swift */; };
		66345E211DDD4BC200789F5A /* ParkingZoneLoader.swift in Sources */ = {isa = PBXBuildFile; fileRef = 66345E201DDD4BC200789F5A /* ParkingZoneLoader.swift */; };
		663B64871DD2D5D300809A60 /* parkD.xcworkspace in Resources */ = {isa = PBXBuildFile; fileRef = 663B64861DD2D5D300809A60 /* parkD.xcworkspace */; };
		66405D3F1DF3CBA800FB58F0 /* TimeHandler.swift in Sources */ = {isa = PBXBuildFile; fileRef = 66405D3E1DF3CBA800FB58F0 /* TimeHandler.swift */; };
		66405D421DF3DFE500FB58F0 /* SwitchChangedDelegate.swift in Sources */ = {isa = PBXBuildFile; fileRef = 66405D411DF3DFE500FB58F0 /* SwitchChangedDelegate.swift */; };
		667141061DD326E80012D6DC /* ParkingTableViewCell.swift in Sources */ = {isa = PBXBuildFile; fileRef = 667141051DD326E80012D6DC /* ParkingTableViewCell.swift */; };
		6671410C1DD32CED0012D6DC /* MapViewController.swift in Sources */ = {isa = PBXBuildFile; fileRef = 6671410B1DD32CED0012D6DC /* MapViewController.swift */; };
		6671410E1DD32D3C0012D6DC /* ProfileViewController.swift in Sources */ = {isa = PBXBuildFile; fileRef = 6671410D1DD32D3C0012D6DC /* ProfileViewController.swift */; };
		6686D77F1DDE4F2F007D7CD3 /* EmailPermit.swift in Sources */ = {isa = PBXBuildFile; fileRef = 6686D77E1DDE4F2F007D7CD3 /* EmailPermit.swift */; };
		6686D7811DDE9EBF007D7CD3 /* UserModifier.swift in Sources */ = {isa = PBXBuildFile; fileRef = 6686D7801DDE9EBF007D7CD3 /* UserModifier.swift */; };
		66881A961DF4898A0038A774 /* CreationHandler.swift in Sources */ = {isa = PBXBuildFile; fileRef = 66881A951DF4898A0038A774 /* CreationHandler.swift */; };
		66881A981DF4D50F0038A774 /* ParkingPassLoader.swift in Sources */ = {isa = PBXBuildFile; fileRef = 66881A971DF4D50F0038A774 /* ParkingPassLoader.swift */; };
		66881A9C1DF4D90C0038A774 /* TagLoader.swift in Sources */ = {isa = PBXBuildFile; fileRef = 66881A9B1DF4D90C0038A774 /* TagLoader.swift */; };
		66BA51681DDD9F6A0024E6CC /* Main.storyboard in Resources */ = {isa = PBXBuildFile; fileRef = 66BA51671DDD9F6A0024E6CC /* Main.storyboard */; };
		66BA516C1DDDA9290024E6CC /* MapKit.framework in Frameworks */ = {isa = PBXBuildFile; fileRef = 66BA516B1DDDA9290024E6CC /* MapKit.framework */; };
		66CDF8901DF011C00092BF4F /* SearchViewController.swift in Sources */ = {isa = PBXBuildFile; fileRef = 66CDF88F1DF011C00092BF4F /* SearchViewController.swift */; };
		66CDF8931DF0C5340092BF4F /* FilterTableViewCell.swift in Sources */ = {isa = PBXBuildFile; fileRef = 66CDF8921DF0C5340092BF4F /* FilterTableViewCell.swift */; };
		66CDF8951DF0C5C30092BF4F /* FilterTableViewController.swift in Sources */ = {isa = PBXBuildFile; fileRef = 66CDF8941DF0C5C30092BF4F /* FilterTableViewController.swift */; };
		66CDF8971DF13B1F0092BF4F /* FilterViewController.swift in Sources */ = {isa = PBXBuildFile; fileRef = 66CDF8961DF13B1E0092BF4F /* FilterViewController.swift */; };
		66CDF8991DF14F070092BF4F /* DistanceHandler.swift in Sources */ = {isa = PBXBuildFile; fileRef = 66CDF8981DF14F070092BF4F /* DistanceHandler.swift */; };
		66D1E8E71DD2C702004446AC /* ParkingListTableViewController.swift in Sources */ = {isa = PBXBuildFile; fileRef = 66D1E8E61DD2C702004446AC /* ParkingListTableViewController.swift */; };
		66D1E8E91DD2C797004446AC /* ParkingZone.swift in Sources */ = {isa = PBXBuildFile; fileRef = 66D1E8E81DD2C797004446AC /* ParkingZone.swift */; };
		66D1E8EB1DD2CC72004446AC /* LoginViewController.swift in Sources */ = {isa = PBXBuildFile; fileRef = 66D1E8EA1DD2CC72004446AC /* LoginViewController.swift */; };
		66D3FB751DDEBC5A00DE4069 /* LocationHandler.swift in Sources */ = {isa = PBXBuildFile; fileRef = 66D3FB741DDEBC5A00DE4069 /* LocationHandler.swift */; };
		66E0DE491DD33D67000E16FB /* ZoneViewController.swift in Sources */ = {isa = PBXBuildFile; fileRef = 66E0DE481DD33D67000E16FB /* ZoneViewController.swift */; };
		66E0DE4B1DD33E72000E16FB /* TagTableViewCell.swift in Sources */ = {isa = PBXBuildFile; fileRef = 66E0DE4A1DD33E72000E16FB /* TagTableViewCell.swift */; };
		66E0DE4D1DD3410C000E16FB /* Tag.swift in Sources */ = {isa = PBXBuildFile; fileRef = 66E0DE4C1DD3410C000E16FB /* Tag.swift */; };
		66E0DE4F1DD34918000E16FB /* ZoneCreationViewController.swift in Sources */ = {isa = PBXBuildFile; fileRef = 66E0DE4E1DD34918000E16FB /* ZoneCreationViewController.swift */; };
		6A4F7006D4322CB34EF9147C /* Pods_parkD.framework in Frameworks */ = {isa = PBXBuildFile; fileRef = 8A787C4E92AD584D709C40AF /* Pods_parkD.framework */; };
/* End PBXBuildFile section */

/* Begin PBXContainerItemProxy section */
		54FF59671DD276F000F470F6 /* PBXContainerItemProxy */ = {
			isa = PBXContainerItemProxy;
			containerPortal = 54FF594A1DD276F000F470F6 /* Project object */;
			proxyType = 1;
			remoteGlobalIDString = 54FF59511DD276F000F470F6;
			remoteInfo = parkD;
		};
		54FF59721DD276F000F470F6 /* PBXContainerItemProxy */ = {
			isa = PBXContainerItemProxy;
			containerPortal = 54FF594A1DD276F000F470F6 /* Project object */;
			proxyType = 1;
			remoteGlobalIDString = 54FF59511DD276F000F470F6;
			remoteInfo = parkD;
		};
/* End PBXContainerItemProxy section */

/* Begin PBXFileReference section */
		4AA60806B4B3617B9014A063 /* Pods_parkDTests.framework */ = {isa = PBXFileReference; explicitFileType = wrapper.framework; includeInIndex = 0; path = Pods_parkDTests.framework; sourceTree = BUILT_PRODUCTS_DIR; };
		54FF59521DD276F000F470F6 /* parkD.app */ = {isa = PBXFileReference; explicitFileType = wrapper.application; includeInIndex = 0; path = parkD.app; sourceTree = BUILT_PRODUCTS_DIR; };
		54FF595C1DD276F000F470F6 /* Assets.xcassets */ = {isa = PBXFileReference; lastKnownFileType = folder.assetcatalog; path = Assets.xcassets; sourceTree = "<group>"; };
		54FF59661DD276F000F470F6 /* parkDTests.xctest */ = {isa = PBXFileReference; explicitFileType = wrapper.cfbundle; includeInIndex = 0; path = parkDTests.xctest; sourceTree = BUILT_PRODUCTS_DIR; };
		54FF596A1DD276F000F470F6 /* parkDTests.swift */ = {isa = PBXFileReference; lastKnownFileType = sourcecode.swift; path = parkDTests.swift; sourceTree = "<group>"; };
		54FF596C1DD276F000F470F6 /* Info.plist */ = {isa = PBXFileReference; lastKnownFileType = text.plist.xml; path = Info.plist; sourceTree = "<group>"; };
		54FF59711DD276F000F470F6 /* parkDUITests.xctest */ = {isa = PBXFileReference; explicitFileType = wrapper.cfbundle; includeInIndex = 0; path = parkDUITests.xctest; sourceTree = BUILT_PRODUCTS_DIR; };
		54FF59751DD276F000F470F6 /* parkDUITests.swift */ = {isa = PBXFileReference; lastKnownFileType = sourcecode.swift; path = parkDUITests.swift; sourceTree = "<group>"; };
		54FF59771DD276F000F470F6 /* Info.plist */ = {isa = PBXFileReference; lastKnownFileType = text.plist.xml; path = Info.plist; sourceTree = "<group>"; };
		54FF59841DD7FE7800F470F6 /* Default-568h@2x.png */ = {isa = PBXFileReference; lastKnownFileType = image.png; path = "Default-568h@2x.png"; sourceTree = "<group>"; };
		54FF59861DD80CED00F470F6 /* SignUpViewController.swift */ = {isa = PBXFileReference; fileEncoding = 4; lastKnownFileType = sourcecode.swift; path = SignUpViewController.swift; sourceTree = "<group>"; };
		54FF59881DD81B2A00F470F6 /* AppDelegate.swift */ = {isa = PBXFileReference; fileEncoding = 4; lastKnownFileType = sourcecode.swift; path = AppDelegate.swift; sourceTree = "<group>"; };
		54FF59891DD81B2A00F470F6 /* Info.plist */ = {isa = PBXFileReference; fileEncoding = 4; lastKnownFileType = text.plist.xml; path = Info.plist; sourceTree = "<group>"; };
		6060B9311DE2AAF400A9AEF8 /* EditProfileViewController.swift */ = {isa = PBXFileReference; fileEncoding = 4; lastKnownFileType = sourcecode.swift; name = EditProfileViewController.swift; path = parkD/Controllers/EditProfileViewController.swift; sourceTree = SOURCE_ROOT; };
		66039DBF1DD2A860004B494A /* LaunchScreen.storyboard */ = {isa = PBXFileReference; fileEncoding = 4; lastKnownFileType = file.storyboard; path = LaunchScreen.storyboard; sourceTree = "<group>"; };
		66039DCF1DD2A965004B494A /* User.swift */ = {isa = PBXFileReference; fileEncoding = 4; lastKnownFileType = sourcecode.swift; path = User.swift; sourceTree = "<group>"; };
		66039DD11DD2AA37004B494A /* GoogleService-Info.plist */ = {isa = PBXFileReference; fileEncoding = 4; lastKnownFileType = text.plist.xml; path = "GoogleService-Info.plist"; sourceTree = "<group>"; };
		66137D461DDD515E00B99C50 /* ParkingPass.swift */ = {isa = PBXFileReference; fileEncoding = 4; lastKnownFileType = sourcecode.swift; path = ParkingPass.swift; sourceTree = "<group>"; };
		66137D4C1DDD5FE100B99C50 /* TagListTableViewController.swift */ = {isa = PBXFileReference; fileEncoding = 4; lastKnownFileType = sourcecode.swift; path = TagListTableViewController.swift; sourceTree = "<group>"; };
		662C6F631DDD323A0056CF21 /* UserVerifier.swift */ = {isa = PBXFileReference; fileEncoding = 4; lastKnownFileType = sourcecode.swift; path = UserVerifier.swift; sourceTree = "<group>"; };
		66345E201DDD4BC200789F5A /* ParkingZoneLoader.swift */ = {isa = PBXFileReference; fileEncoding = 4; lastKnownFileType = sourcecode.swift; name = ParkingZoneLoader.swift; path = Controllers/ParkingZoneLoader.swift; sourceTree = "<group>"; };
		663B64831DD2D5D300809A60 /* parkD.xcodeproj */ = {isa = PBXFileReference; lastKnownFileType = "wrapper.pb-project"; path = parkD.xcodeproj; sourceTree = "<group>"; };
		663B64861DD2D5D300809A60 /* parkD.xcworkspace */ = {isa = PBXFileReference; lastKnownFileType = wrapper.workspace; path = parkD.xcworkspace; sourceTree = "<group>"; };
		66405D3E1DF3CBA800FB58F0 /* TimeHandler.swift */ = {isa = PBXFileReference; fileEncoding = 4; lastKnownFileType = sourcecode.swift; path = TimeHandler.swift; sourceTree = "<group>"; };
		66405D411DF3DFE500FB58F0 /* SwitchChangedDelegate.swift */ = {isa = PBXFileReference; fileEncoding = 4; lastKnownFileType = sourcecode.swift; path = SwitchChangedDelegate.swift; sourceTree = "<group>"; };
		667141041DD31B660012D6DC /* parkD.entitlements */ = {isa = PBXFileReference; lastKnownFileType = text.plist.entitlements; path = parkD.entitlements; sourceTree = "<group>"; };
		667141051DD326E80012D6DC /* ParkingTableViewCell.swift */ = {isa = PBXFileReference; fileEncoding = 4; lastKnownFileType = sourcecode.swift; name = ParkingTableViewCell.swift; path = Controllers/ParkingTableViewCell.swift; sourceTree = "<group>"; };
		6671410B1DD32CED0012D6DC /* MapViewController.swift */ = {isa = PBXFileReference; fileEncoding = 4; lastKnownFileType = sourcecode.swift; path = MapViewController.swift; sourceTree = "<group>"; };
		6671410D1DD32D3C0012D6DC /* ProfileViewController.swift */ = {isa = PBXFileReference; fileEncoding = 4; lastKnownFileType = sourcecode.swift; path = ProfileViewController.swift; sourceTree = "<group>"; };
		6686D77E1DDE4F2F007D7CD3 /* EmailPermit.swift */ = {isa = PBXFileReference; fileEncoding = 4; lastKnownFileType = sourcecode.swift; path = EmailPermit.swift; sourceTree = "<group>"; };
		6686D7801DDE9EBF007D7CD3 /* UserModifier.swift */ = {isa = PBXFileReference; fileEncoding = 4; lastKnownFileType = sourcecode.swift; path = UserModifier.swift; sourceTree = "<group>"; };
		66881A951DF4898A0038A774 /* CreationHandler.swift */ = {isa = PBXFileReference; fileEncoding = 4; lastKnownFileType = sourcecode.swift; path = CreationHandler.swift; sourceTree = "<group>"; };
		66881A971DF4D50F0038A774 /* ParkingPassLoader.swift */ = {isa = PBXFileReference; fileEncoding = 4; lastKnownFileType = sourcecode.swift; path = ParkingPassLoader.swift; sourceTree = "<group>"; };
		66881A9B1DF4D90C0038A774 /* TagLoader.swift */ = {isa = PBXFileReference; fileEncoding = 4; lastKnownFileType = sourcecode.swift; path = TagLoader.swift; sourceTree = "<group>"; };
		66BA51671DDD9F6A0024E6CC /* Main.storyboard */ = {isa = PBXFileReference; fileEncoding = 4; lastKnownFileType = file.storyboard; path = Main.storyboard; sourceTree = "<group>"; };
		66BA516B1DDDA9290024E6CC /* MapKit.framework */ = {isa = PBXFileReference; lastKnownFileType = wrapper.framework; name = MapKit.framework; path = System/Library/Frameworks/MapKit.framework; sourceTree = SDKROOT; };
		66CDF88F1DF011C00092BF4F /* SearchViewController.swift */ = {isa = PBXFileReference; fileEncoding = 4; lastKnownFileType = sourcecode.swift; path = SearchViewController.swift; sourceTree = "<group>"; };
		66CDF8921DF0C5340092BF4F /* FilterTableViewCell.swift */ = {isa = PBXFileReference; fileEncoding = 4; lastKnownFileType = sourcecode.swift; path = FilterTableViewCell.swift; sourceTree = "<group>"; };
		66CDF8941DF0C5C30092BF4F /* FilterTableViewController.swift */ = {isa = PBXFileReference; fileEncoding = 4; lastKnownFileType = sourcecode.swift; path = FilterTableViewController.swift; sourceTree = "<group>"; };
		66CDF8961DF13B1E0092BF4F /* FilterViewController.swift */ = {isa = PBXFileReference; fileEncoding = 4; lastKnownFileType = sourcecode.swift; path = FilterViewController.swift; sourceTree = "<group>"; };
		66CDF8981DF14F070092BF4F /* DistanceHandler.swift */ = {isa = PBXFileReference; fileEncoding = 4; lastKnownFileType = sourcecode.swift; name = DistanceHandler.swift; path = Models/DistanceHandler.swift; sourceTree = "<group>"; };
		66D1E8E61DD2C702004446AC /* ParkingListTableViewController.swift */ = {isa = PBXFileReference; fileEncoding = 4; lastKnownFileType = sourcecode.swift; path = ParkingListTableViewController.swift; sourceTree = "<group>"; };
		66D1E8E81DD2C797004446AC /* ParkingZone.swift */ = {isa = PBXFileReference; fileEncoding = 4; lastKnownFileType = sourcecode.swift; path = ParkingZone.swift; sourceTree = "<group>"; };
		66D1E8EA1DD2CC72004446AC /* LoginViewController.swift */ = {isa = PBXFileReference; fileEncoding = 4; lastKnownFileType = sourcecode.swift; path = LoginViewController.swift; sourceTree = "<group>"; };
		66D3FB741DDEBC5A00DE4069 /* LocationHandler.swift */ = {isa = PBXFileReference; fileEncoding = 4; lastKnownFileType = sourcecode.swift; name = LocationHandler.swift; path = Models/LocationHandler.swift; sourceTree = "<group>"; };
		66E0DE481DD33D67000E16FB /* ZoneViewController.swift */ = {isa = PBXFileReference; fileEncoding = 4; lastKnownFileType = sourcecode.swift; path = ZoneViewController.swift; sourceTree = "<group>"; };
		66E0DE4A1DD33E72000E16FB /* TagTableViewCell.swift */ = {isa = PBXFileReference; fileEncoding = 4; lastKnownFileType = sourcecode.swift; name = TagTableViewCell.swift; path = Controllers/TagTableViewCell.swift; sourceTree = "<group>"; };
		66E0DE4C1DD3410C000E16FB /* Tag.swift */ = {isa = PBXFileReference; fileEncoding = 4; lastKnownFileType = sourcecode.swift; path = Tag.swift; sourceTree = "<group>"; };
		66E0DE4E1DD34918000E16FB /* ZoneCreationViewController.swift */ = {isa = PBXFileReference; fileEncoding = 4; lastKnownFileType = sourcecode.swift; path = ZoneCreationViewController.swift; sourceTree = "<group>"; };
		8A787C4E92AD584D709C40AF /* Pods_parkD.framework */ = {isa = PBXFileReference; explicitFileType = wrapper.framework; includeInIndex = 0; path = Pods_parkD.framework; sourceTree = BUILT_PRODUCTS_DIR; };
		A7C8874187AC6945B5C9D1D5 /* Pods_parkDUITests.framework */ = {isa = PBXFileReference; explicitFileType = wrapper.framework; includeInIndex = 0; path = Pods_parkDUITests.framework; sourceTree = BUILT_PRODUCTS_DIR; };
		BF2D16F89C89E65398BB6699 /* Pods-parkD.debug.xcconfig */ = {isa = PBXFileReference; includeInIndex = 1; lastKnownFileType = text.xcconfig; name = "Pods-parkD.debug.xcconfig"; path = "Pods/Target Support Files/Pods-parkD/Pods-parkD.debug.xcconfig"; sourceTree = "<group>"; };
		C7F0C9273270DDDD4193E6E9 /* Pods-parkD.release.xcconfig */ = {isa = PBXFileReference; includeInIndex = 1; lastKnownFileType = text.xcconfig; name = "Pods-parkD.release.xcconfig"; path = "Pods/Target Support Files/Pods-parkD/Pods-parkD.release.xcconfig"; sourceTree = "<group>"; };
/* End PBXFileReference section */

/* Begin PBXFrameworksBuildPhase section */
		54FF594F1DD276F000F470F6 /* Frameworks */ = {
			isa = PBXFrameworksBuildPhase;
			buildActionMask = 2147483647;
			files = (
				66BA516C1DDDA9290024E6CC /* MapKit.framework in Frameworks */,
				6A4F7006D4322CB34EF9147C /* Pods_parkD.framework in Frameworks */,
			);
			runOnlyForDeploymentPostprocessing = 0;
		};
		54FF59631DD276F000F470F6 /* Frameworks */ = {
			isa = PBXFrameworksBuildPhase;
			buildActionMask = 2147483647;
			files = (
			);
			runOnlyForDeploymentPostprocessing = 0;
		};
		54FF596E1DD276F000F470F6 /* Frameworks */ = {
			isa = PBXFrameworksBuildPhase;
			buildActionMask = 2147483647;
			files = (
			);
			runOnlyForDeploymentPostprocessing = 0;
		};
/* End PBXFrameworksBuildPhase section */

/* Begin PBXGroup section */
		54FF59491DD276F000F470F6 = {
			isa = PBXGroup;
			children = (
				54FF59841DD7FE7800F470F6 /* Default-568h@2x.png */,
				663B64831DD2D5D300809A60 /* parkD.xcodeproj */,
				663B64861DD2D5D300809A60 /* parkD.xcworkspace */,
				66039DD11DD2AA37004B494A /* GoogleService-Info.plist */,
				54FF59541DD276F000F470F6 /* parkD */,
				54FF59691DD276F000F470F6 /* parkDTests */,
				54FF59741DD276F000F470F6 /* parkDUITests */,
				54FF59531DD276F000F470F6 /* Products */,
				F94A41809986DEB68FC317D7 /* Pods */,
				6C7F941CC5CFBE69973DFD52 /* Frameworks */,
			);
			sourceTree = "<group>";
		};
		54FF59531DD276F000F470F6 /* Products */ = {
			isa = PBXGroup;
			children = (
				54FF59521DD276F000F470F6 /* parkD.app */,
				54FF59661DD276F000F470F6 /* parkDTests.xctest */,
				54FF59711DD276F000F470F6 /* parkDUITests.xctest */,
			);
			name = Products;
			sourceTree = "<group>";
		};
		54FF59541DD276F000F470F6 /* parkD */ = {
			isa = PBXGroup;
			children = (
				66405D401DF3DFD800FB58F0 /* Protocols */,
				66405D3D1DF3CB7700FB58F0 /* Handlers */,
				66D3FB731DDEBC4400DE4069 /* Cells */,
				66D3FB721DDEBC2500DE4069 /* Loaders */,
				54FF59881DD81B2A00F470F6 /* AppDelegate.swift */,
				54FF59891DD81B2A00F470F6 /* Info.plist */,
				667141041DD31B660012D6DC /* parkD.entitlements */,
				66039DBA1DD2A860004B494A /* Controllers */,
				66039DBC1DD2A860004B494A /* Files */,
				66039DBE1DD2A860004B494A /* Layouts */,
				66039DC11DD2A860004B494A /* Models */,
				54FF595C1DD276F000F470F6 /* Assets.xcassets */,
			);
			path = parkD;
			sourceTree = "<group>";
		};
		54FF59691DD276F000F470F6 /* parkDTests */ = {
			isa = PBXGroup;
			children = (
				54FF596A1DD276F000F470F6 /* parkDTests.swift */,
				54FF596C1DD276F000F470F6 /* Info.plist */,
			);
			path = parkDTests;
			sourceTree = "<group>";
		};
		54FF59741DD276F000F470F6 /* parkDUITests */ = {
			isa = PBXGroup;
			children = (
				54FF59751DD276F000F470F6 /* parkDUITests.swift */,
				54FF59771DD276F000F470F6 /* Info.plist */,
			);
			path = parkDUITests;
			sourceTree = "<group>";
		};
		66039DBA1DD2A860004B494A /* Controllers */ = {
			isa = PBXGroup;
			children = (
				6060B9311DE2AAF400A9AEF8 /* EditProfileViewController.swift */,
				66D1E8E61DD2C702004446AC /* ParkingListTableViewController.swift */,
				66D1E8EA1DD2CC72004446AC /* LoginViewController.swift */,
				6671410B1DD32CED0012D6DC /* MapViewController.swift */,
				6671410D1DD32D3C0012D6DC /* ProfileViewController.swift */,
				66E0DE481DD33D67000E16FB /* ZoneViewController.swift */,
				66E0DE4E1DD34918000E16FB /* ZoneCreationViewController.swift */,
				54FF59861DD80CED00F470F6 /* SignUpViewController.swift */,
				66CDF8941DF0C5C30092BF4F /* FilterTableViewController.swift */,
				66137D4C1DDD5FE100B99C50 /* TagListTableViewController.swift */,
				66CDF88F1DF011C00092BF4F /* SearchViewController.swift */,
				66CDF8961DF13B1E0092BF4F /* FilterViewController.swift */,
			);
			path = Controllers;
			sourceTree = "<group>";
		};
		66039DBC1DD2A860004B494A /* Files */ = {
			isa = PBXGroup;
			children = (
			);
			path = Files;
			sourceTree = "<group>";
		};
		66039DBE1DD2A860004B494A /* Layouts */ = {
			isa = PBXGroup;
			children = (
				66BA51671DDD9F6A0024E6CC /* Main.storyboard */,
				66039DBF1DD2A860004B494A /* LaunchScreen.storyboard */,
			);
			path = Layouts;
			sourceTree = "<group>";
		};
		66039DC11DD2A860004B494A /* Models */ = {
			isa = PBXGroup;
			children = (
				66039DCF1DD2A965004B494A /* User.swift */,
				66D1E8E81DD2C797004446AC /* ParkingZone.swift */,
				66E0DE4C1DD3410C000E16FB /* Tag.swift */,
				662C6F631DDD323A0056CF21 /* UserVerifier.swift */,
				66137D461DDD515E00B99C50 /* ParkingPass.swift */,
				6686D77E1DDE4F2F007D7CD3 /* EmailPermit.swift */,
				6686D7801DDE9EBF007D7CD3 /* UserModifier.swift */,
			);
			path = Models;
			sourceTree = "<group>";
		};
		663B64841DD2D5D300809A60 /* Products */ = {
			isa = PBXGroup;
			name = Products;
			sourceTree = "<group>";
		};
		66405D3D1DF3CB7700FB58F0 /* Handlers */ = {
			isa = PBXGroup;
			children = (
				66CDF8981DF14F070092BF4F /* DistanceHandler.swift */,
				66405D3E1DF3CBA800FB58F0 /* TimeHandler.swift */,
				66D3FB741DDEBC5A00DE4069 /* LocationHandler.swift */,
				66881A951DF4898A0038A774 /* CreationHandler.swift */,
				66881A971DF4D50F0038A774 /* ParkingPassLoader.swift */,
			);
			name = Handlers;
			sourceTree = "<group>";
		};
		66405D401DF3DFD800FB58F0 /* Protocols */ = {
			isa = PBXGroup;
			children = (
				66405D411DF3DFE500FB58F0 /* SwitchChangedDelegate.swift */,
			);
			name = Protocols;
			sourceTree = "<group>";
		};
		66D3FB721DDEBC2500DE4069 /* Loaders */ = {
			isa = PBXGroup;
			children = (
				66345E201DDD4BC200789F5A /* ParkingZoneLoader.swift */,
				66881A9B1DF4D90C0038A774 /* TagLoader.swift */,
			);
			name = Loaders;
			sourceTree = "<group>";
		};
		66D3FB731DDEBC4400DE4069 /* Cells */ = {
			isa = PBXGroup;
			children = (
				667141051DD326E80012D6DC /* ParkingTableViewCell.swift */,
				66E0DE4A1DD33E72000E16FB /* TagTableViewCell.swift */,
				66CDF8921DF0C5340092BF4F /* FilterTableViewCell.swift */,
			);
			name = Cells;
			sourceTree = "<group>";
		};
		6C7F941CC5CFBE69973DFD52 /* Frameworks */ = {
			isa = PBXGroup;
			children = (
				66BA516B1DDDA9290024E6CC /* MapKit.framework */,
				8A787C4E92AD584D709C40AF /* Pods_parkD.framework */,
				4AA60806B4B3617B9014A063 /* Pods_parkDTests.framework */,
				A7C8874187AC6945B5C9D1D5 /* Pods_parkDUITests.framework */,
			);
			name = Frameworks;
			sourceTree = "<group>";
		};
		F94A41809986DEB68FC317D7 /* Pods */ = {
			isa = PBXGroup;
			children = (
				BF2D16F89C89E65398BB6699 /* Pods-parkD.debug.xcconfig */,
				C7F0C9273270DDDD4193E6E9 /* Pods-parkD.release.xcconfig */,
			);
			name = Pods;
			sourceTree = "<group>";
		};
/* End PBXGroup section */

/* Begin PBXNativeTarget section */
		54FF59511DD276F000F470F6 /* parkD */ = {
			isa = PBXNativeTarget;
			buildConfigurationList = 54FF597A1DD276F000F470F6 /* Build configuration list for PBXNativeTarget "parkD" */;
			buildPhases = (
				1B0663D8CEAE1480CAA9790C /* [CP] Check Pods Manifest.lock */,
				54FF594E1DD276F000F470F6 /* Sources */,
				54FF594F1DD276F000F470F6 /* Frameworks */,
				54FF59501DD276F000F470F6 /* Resources */,
				045133CE88FD4D1AC5AA6AEE /* [CP] Embed Pods Frameworks */,
				D417758E5668F1786214AAA7 /* [CP] Copy Pods Resources */,
			);
			buildRules = (
			);
			dependencies = (
			);
			name = parkD;
			productName = parkD;
			productReference = 54FF59521DD276F000F470F6 /* parkD.app */;
			productType = "com.apple.product-type.application";
		};
		54FF59651DD276F000F470F6 /* parkDTests */ = {
			isa = PBXNativeTarget;
			buildConfigurationList = 54FF597D1DD276F000F470F6 /* Build configuration list for PBXNativeTarget "parkDTests" */;
			buildPhases = (
				54FF59621DD276F000F470F6 /* Sources */,
				54FF59631DD276F000F470F6 /* Frameworks */,
				54FF59641DD276F000F470F6 /* Resources */,
			);
			buildRules = (
			);
			dependencies = (
				54FF59681DD276F000F470F6 /* PBXTargetDependency */,
			);
			name = parkDTests;
			productName = parkDTests;
			productReference = 54FF59661DD276F000F470F6 /* parkDTests.xctest */;
			productType = "com.apple.product-type.bundle.unit-test";
		};
		54FF59701DD276F000F470F6 /* parkDUITests */ = {
			isa = PBXNativeTarget;
			buildConfigurationList = 54FF59801DD276F000F470F6 /* Build configuration list for PBXNativeTarget "parkDUITests" */;
			buildPhases = (
				54FF596D1DD276F000F470F6 /* Sources */,
				54FF596E1DD276F000F470F6 /* Frameworks */,
				54FF596F1DD276F000F470F6 /* Resources */,
			);
			buildRules = (
			);
			dependencies = (
				54FF59731DD276F000F470F6 /* PBXTargetDependency */,
			);
			name = parkDUITests;
			productName = parkDUITests;
			productReference = 54FF59711DD276F000F470F6 /* parkDUITests.xctest */;
			productType = "com.apple.product-type.bundle.ui-testing";
		};
/* End PBXNativeTarget section */

/* Begin PBXProject section */
		54FF594A1DD276F000F470F6 /* Project object */ = {
			isa = PBXProject;
			attributes = {
				LastSwiftUpdateCheck = 0810;
				LastUpgradeCheck = 0810;
				ORGANIZATIONNAME = ece590;
				TargetAttributes = {
					54FF59511DD276F000F470F6 = {
						CreatedOnToolsVersion = 8.1;
						DevelopmentTeam = U6J58C8CJT;
						ProvisioningStyle = Automatic;
						SystemCapabilities = {
							com.apple.Keychain = {
								enabled = 1;
							};
						};
					};
					54FF59651DD276F000F470F6 = {
						CreatedOnToolsVersion = 8.1;
						DevelopmentTeam = U6J58C8CJT;
						ProvisioningStyle = Automatic;
						TestTargetID = 54FF59511DD276F000F470F6;
					};
					54FF59701DD276F000F470F6 = {
						CreatedOnToolsVersion = 8.1;
						DevelopmentTeam = U6J58C8CJT;
						ProvisioningStyle = Automatic;
						TestTargetID = 54FF59511DD276F000F470F6;
					};
				};
			};
			buildConfigurationList = 54FF594D1DD276F000F470F6 /* Build configuration list for PBXProject "parkD" */;
			compatibilityVersion = "Xcode 3.2";
			developmentRegion = English;
			hasScannedForEncodings = 0;
			knownRegions = (
				en,
				Base,
			);
			mainGroup = 54FF59491DD276F000F470F6;
			productRefGroup = 54FF59531DD276F000F470F6 /* Products */;
			projectDirPath = "";
			projectReferences = (
				{
					ProductGroup = 663B64841DD2D5D300809A60 /* Products */;
					ProjectRef = 663B64831DD2D5D300809A60 /* parkD.xcodeproj */;
				},
			);
			projectRoot = "";
			targets = (
				54FF59511DD276F000F470F6 /* parkD */,
				54FF59651DD276F000F470F6 /* parkDTests */,
				54FF59701DD276F000F470F6 /* parkDUITests */,
			);
		};
/* End PBXProject section */

/* Begin PBXResourcesBuildPhase section */
		54FF59501DD276F000F470F6 /* Resources */ = {
			isa = PBXResourcesBuildPhase;
			buildActionMask = 2147483647;
			files = (
				54FF595D1DD276F000F470F6 /* Assets.xcassets in Resources */,
				66039DD21DD2AA37004B494A /* GoogleService-Info.plist in Resources */,
				66039DC61DD2A860004B494A /* LaunchScreen.storyboard in Resources */,
				66BA51681DDD9F6A0024E6CC /* Main.storyboard in Resources */,
				663B64871DD2D5D300809A60 /* parkD.xcworkspace in Resources */,
				54FF59851DD7FE7800F470F6 /* Default-568h@2x.png in Resources */,
			);
			runOnlyForDeploymentPostprocessing = 0;
		};
		54FF59641DD276F000F470F6 /* Resources */ = {
			isa = PBXResourcesBuildPhase;
			buildActionMask = 2147483647;
			files = (
				66039DD31DD2AA37004B494A /* GoogleService-Info.plist in Resources */,
			);
			runOnlyForDeploymentPostprocessing = 0;
		};
		54FF596F1DD276F000F470F6 /* Resources */ = {
			isa = PBXResourcesBuildPhase;
			buildActionMask = 2147483647;
			files = (
				66039DD41DD2AA37004B494A /* GoogleService-Info.plist in Resources */,
			);
			runOnlyForDeploymentPostprocessing = 0;
		};
/* End PBXResourcesBuildPhase section */

/* Begin PBXShellScriptBuildPhase section */
		045133CE88FD4D1AC5AA6AEE /* [CP] Embed Pods Frameworks */ = {
			isa = PBXShellScriptBuildPhase;
			buildActionMask = 2147483647;
			files = (
			);
			inputPaths = (
			);
			name = "[CP] Embed Pods Frameworks";
			outputPaths = (
			);
			runOnlyForDeploymentPostprocessing = 0;
			shellPath = /bin/sh;
			shellScript = "\"${SRCROOT}/Pods/Target Support Files/Pods-parkD/Pods-parkD-frameworks.sh\"\n";
			showEnvVarsInLog = 0;
		};
		1B0663D8CEAE1480CAA9790C /* [CP] Check Pods Manifest.lock */ = {
			isa = PBXShellScriptBuildPhase;
			buildActionMask = 2147483647;
			files = (
			);
			inputPaths = (
			);
			name = "[CP] Check Pods Manifest.lock";
			outputPaths = (
			);
			runOnlyForDeploymentPostprocessing = 0;
			shellPath = /bin/sh;
			shellScript = "diff \"${PODS_ROOT}/../Podfile.lock\" \"${PODS_ROOT}/Manifest.lock\" > /dev/null\nif [ $? != 0 ] ; then\n    # print error to STDERR\n    echo \"error: The sandbox is not in sync with the Podfile.lock. Run 'pod install' or update your CocoaPods installation.\" >&2\n    exit 1\nfi\n";
			showEnvVarsInLog = 0;
		};
		D417758E5668F1786214AAA7 /* [CP] Copy Pods Resources */ = {
			isa = PBXShellScriptBuildPhase;
			buildActionMask = 2147483647;
			files = (
			);
			inputPaths = (
			);
			name = "[CP] Copy Pods Resources";
			outputPaths = (
			);
			runOnlyForDeploymentPostprocessing = 0;
			shellPath = /bin/sh;
			shellScript = "\"${SRCROOT}/Pods/Target Support Files/Pods-parkD/Pods-parkD-resources.sh\"\n";
			showEnvVarsInLog = 0;
		};
/* End PBXShellScriptBuildPhase section */

/* Begin PBXSourcesBuildPhase section */
		54FF594E1DD276F000F470F6 /* Sources */ = {
			isa = PBXSourcesBuildPhase;
			buildActionMask = 2147483647;
			files = (
				66D1E8EB1DD2CC72004446AC /* LoginViewController.swift in Sources */,
				66CDF8951DF0C5C30092BF4F /* FilterTableViewController.swift in Sources */,
				66D1E8E91DD2C797004446AC /* ParkingZone.swift in Sources */,
				66137D4D1DDD5FE100B99C50 /* TagListTableViewController.swift in Sources */,
				667141061DD326E80012D6DC /* ParkingTableViewCell.swift in Sources */,
				66D3FB751DDEBC5A00DE4069 /* LocationHandler.swift in Sources */,
				66E0DE491DD33D67000E16FB /* ZoneViewController.swift in Sources */,
				6686D77F1DDE4F2F007D7CD3 /* EmailPermit.swift in Sources */,
				66CDF8991DF14F070092BF4F /* DistanceHandler.swift in Sources */,
				66881A981DF4D50F0038A774 /* ParkingPassLoader.swift in Sources */,
				66CDF8901DF011C00092BF4F /* SearchViewController.swift in Sources */,
				6060B9321DE2AAF400A9AEF8 /* EditProfileViewController.swift in Sources */,
				66D1E8E71DD2C702004446AC /* ParkingListTableViewController.swift in Sources */,
				6686D7811DDE9EBF007D7CD3 /* UserModifier.swift in Sources */,
				66405D421DF3DFE500FB58F0 /* SwitchChangedDelegate.swift in Sources */,
				66E0DE4F1DD34918000E16FB /* ZoneCreationViewController.swift in Sources */,
				6671410E1DD32D3C0012D6DC /* ProfileViewController.swift in Sources */,
				66CDF8971DF13B1F0092BF4F /* FilterViewController.swift in Sources */,
				66039DD01DD2A965004B494A /* User.swift in Sources */,
				66CDF8931DF0C5340092BF4F /* FilterTableViewCell.swift in Sources */,
				662C6F641DDD323A0056CF21 /* UserVerifier.swift in Sources */,
				66137D471DDD515E00B99C50 /* ParkingPass.swift in Sources */,
				66405D3F1DF3CBA800FB58F0 /* TimeHandler.swift in Sources */,
				54FF598A1DD81B2A00F470F6 /* AppDelegate.swift in Sources */,
				66345E211DDD4BC200789F5A /* ParkingZoneLoader.swift in Sources */,
				66881A9C1DF4D90C0038A774 /* TagLoader.swift in Sources */,
				66881A961DF4898A0038A774 /* CreationHandler.swift in Sources */,
				66E0DE4B1DD33E72000E16FB /* TagTableViewCell.swift in Sources */,
				66E0DE4D1DD3410C000E16FB /* Tag.swift in Sources */,
				54FF59871DD80CED00F470F6 /* SignUpViewController.swift in Sources */,
				6671410C1DD32CED0012D6DC /* MapViewController.swift in Sources */,
			);
			runOnlyForDeploymentPostprocessing = 0;
		};
		54FF59621DD276F000F470F6 /* Sources */ = {
			isa = PBXSourcesBuildPhase;
			buildActionMask = 2147483647;
			files = (
				54FF596B1DD276F000F470F6 /* parkDTests.swift in Sources */,
			);
			runOnlyForDeploymentPostprocessing = 0;
		};
		54FF596D1DD276F000F470F6 /* Sources */ = {
			isa = PBXSourcesBuildPhase;
			buildActionMask = 2147483647;
			files = (
				54FF59761DD276F000F470F6 /* parkDUITests.swift in Sources */,
			);
			runOnlyForDeploymentPostprocessing = 0;
		};
/* End PBXSourcesBuildPhase section */

/* Begin PBXTargetDependency section */
		54FF59681DD276F000F470F6 /* PBXTargetDependency */ = {
			isa = PBXTargetDependency;
			target = 54FF59511DD276F000F470F6 /* parkD */;
			targetProxy = 54FF59671DD276F000F470F6 /* PBXContainerItemProxy */;
		};
		54FF59731DD276F000F470F6 /* PBXTargetDependency */ = {
			isa = PBXTargetDependency;
			target = 54FF59511DD276F000F470F6 /* parkD */;
			targetProxy = 54FF59721DD276F000F470F6 /* PBXContainerItemProxy */;
		};
/* End PBXTargetDependency section */

/* Begin XCBuildConfiguration section */
		54FF59781DD276F000F470F6 /* Debug */ = {
			isa = XCBuildConfiguration;
			buildSettings = {
				ALWAYS_SEARCH_USER_PATHS = NO;
				CLANG_ANALYZER_NONNULL = YES;
				CLANG_CXX_LANGUAGE_STANDARD = "gnu++0x";
				CLANG_CXX_LIBRARY = "libc++";
				CLANG_ENABLE_MODULES = YES;
				CLANG_ENABLE_OBJC_ARC = YES;
				CLANG_WARN_BOOL_CONVERSION = YES;
				CLANG_WARN_CONSTANT_CONVERSION = YES;
				CLANG_WARN_DIRECT_OBJC_ISA_USAGE = YES_ERROR;
				CLANG_WARN_DOCUMENTATION_COMMENTS = YES;
				CLANG_WARN_EMPTY_BODY = YES;
				CLANG_WARN_ENUM_CONVERSION = YES;
				CLANG_WARN_INFINITE_RECURSION = YES;
				CLANG_WARN_INT_CONVERSION = YES;
				CLANG_WARN_OBJC_ROOT_CLASS = YES_ERROR;
				CLANG_WARN_SUSPICIOUS_MOVE = YES;
				CLANG_WARN_SUSPICIOUS_MOVES = YES;
				CLANG_WARN_UNREACHABLE_CODE = YES;
				CLANG_WARN__DUPLICATE_METHOD_MATCH = YES;
				"CODE_SIGN_IDENTITY[sdk=iphoneos*]" = "iPhone Developer";
				COPY_PHASE_STRIP = NO;
				DEBUG_INFORMATION_FORMAT = dwarf;
				ENABLE_BITCODE = YES;
				ENABLE_STRICT_OBJC_MSGSEND = YES;
				ENABLE_TESTABILITY = YES;
				GCC_C_LANGUAGE_STANDARD = gnu99;
				GCC_DYNAMIC_NO_PIC = NO;
				GCC_NO_COMMON_BLOCKS = YES;
				GCC_OPTIMIZATION_LEVEL = 0;
				GCC_PREPROCESSOR_DEFINITIONS = (
					"DEBUG=1",
					"$(inherited)",
				);
				GCC_WARN_64_TO_32_BIT_CONVERSION = YES;
				GCC_WARN_ABOUT_RETURN_TYPE = YES_ERROR;
				GCC_WARN_UNDECLARED_SELECTOR = YES;
				GCC_WARN_UNINITIALIZED_AUTOS = YES_AGGRESSIVE;
				GCC_WARN_UNUSED_FUNCTION = YES;
				GCC_WARN_UNUSED_VARIABLE = YES;
				IPHONEOS_DEPLOYMENT_TARGET = 10.1;
				MTL_ENABLE_DEBUG_INFO = YES;
				ONLY_ACTIVE_ARCH = YES;
				SDKROOT = iphoneos;
				SWIFT_ACTIVE_COMPILATION_CONDITIONS = DEBUG;
				SWIFT_OPTIMIZATION_LEVEL = "-Onone";
				TARGETED_DEVICE_FAMILY = "1,2";
			};
			name = Debug;
		};
		54FF59791DD276F000F470F6 /* Release */ = {
			isa = XCBuildConfiguration;
			buildSettings = {
				ALWAYS_SEARCH_USER_PATHS = NO;
				CLANG_ANALYZER_NONNULL = YES;
				CLANG_CXX_LANGUAGE_STANDARD = "gnu++0x";
				CLANG_CXX_LIBRARY = "libc++";
				CLANG_ENABLE_MODULES = YES;
				CLANG_ENABLE_OBJC_ARC = YES;
				CLANG_WARN_BOOL_CONVERSION = YES;
				CLANG_WARN_CONSTANT_CONVERSION = YES;
				CLANG_WARN_DIRECT_OBJC_ISA_USAGE = YES_ERROR;
				CLANG_WARN_DOCUMENTATION_COMMENTS = YES;
				CLANG_WARN_EMPTY_BODY = YES;
				CLANG_WARN_ENUM_CONVERSION = YES;
				CLANG_WARN_INFINITE_RECURSION = YES;
				CLANG_WARN_INT_CONVERSION = YES;
				CLANG_WARN_OBJC_ROOT_CLASS = YES_ERROR;
				CLANG_WARN_SUSPICIOUS_MOVE = YES;
				CLANG_WARN_SUSPICIOUS_MOVES = YES;
				CLANG_WARN_UNREACHABLE_CODE = YES;
				CLANG_WARN__DUPLICATE_METHOD_MATCH = YES;
				"CODE_SIGN_IDENTITY[sdk=iphoneos*]" = "iPhone Developer";
				COPY_PHASE_STRIP = NO;
				DEBUG_INFORMATION_FORMAT = "dwarf-with-dsym";
				ENABLE_BITCODE = YES;
				ENABLE_NS_ASSERTIONS = NO;
				ENABLE_STRICT_OBJC_MSGSEND = YES;
				GCC_C_LANGUAGE_STANDARD = gnu99;
				GCC_NO_COMMON_BLOCKS = YES;
				GCC_WARN_64_TO_32_BIT_CONVERSION = YES;
				GCC_WARN_ABOUT_RETURN_TYPE = YES_ERROR;
				GCC_WARN_UNDECLARED_SELECTOR = YES;
				GCC_WARN_UNINITIALIZED_AUTOS = YES_AGGRESSIVE;
				GCC_WARN_UNUSED_FUNCTION = YES;
				GCC_WARN_UNUSED_VARIABLE = YES;
				IPHONEOS_DEPLOYMENT_TARGET = 10.1;
				MTL_ENABLE_DEBUG_INFO = NO;
				SDKROOT = iphoneos;
				SWIFT_OPTIMIZATION_LEVEL = "-Owholemodule";
				TARGETED_DEVICE_FAMILY = "1,2";
				VALIDATE_PRODUCT = YES;
			};
			name = Release;
		};
		54FF597B1DD276F000F470F6 /* Debug */ = {
			isa = XCBuildConfiguration;
			baseConfigurationReference = BF2D16F89C89E65398BB6699 /* Pods-parkD.debug.xcconfig */;
			buildSettings = {
				ASSETCATALOG_COMPILER_APPICON_NAME = "AppIcon-1";
				CODE_SIGN_ENTITLEMENTS = parkD/parkD.entitlements;
				DEVELOPMENT_TEAM = U6J58C8CJT;
				FRAMEWORK_SEARCH_PATHS = (
					"$(inherited)",
					"$(PROJECT_DIR)/Pods/FirebaseAnalytics/Frameworks/frameworks",
					"$(PROJECT_DIR)/Pods/FirebaseCore/Frameworks/frameworks",
					"$(PROJECT_DIR)/Pods/FirebaseInstanceID/Frameworks/frameworks",
					"$(PROJECT_DIR)/Pods/GoogleInterchangeUtilities/Frameworks/frameworks",
					"$(PROJECT_DIR)/Pods/GoogleSymbolUtilities/Frameworks/frameworks",
				);
				INFOPLIST_FILE = "$(SRCROOT)/parkD/Info.plist";
				IPHONEOS_DEPLOYMENT_TARGET = 10.1;
				LD_RUNPATH_SEARCH_PATHS = "$(inherited) @executable_path/Frameworks";
				PRODUCT_BUNDLE_IDENTIFIER = ece590.parkD;
				PRODUCT_NAME = "$(TARGET_NAME)";
				SWIFT_VERSION = 3.0;
			};
			name = Debug;
		};
		54FF597C1DD276F000F470F6 /* Release */ = {
			isa = XCBuildConfiguration;
			baseConfigurationReference = C7F0C9273270DDDD4193E6E9 /* Pods-parkD.release.xcconfig */;
			buildSettings = {
				ASSETCATALOG_COMPILER_APPICON_NAME = "AppIcon-1";
				CODE_SIGN_ENTITLEMENTS = parkD/parkD.entitlements;
				DEVELOPMENT_TEAM = U6J58C8CJT;
				FRAMEWORK_SEARCH_PATHS = (
					"$(inherited)",
					"$(PROJECT_DIR)/Pods/FirebaseAnalytics/Frameworks/frameworks",
					"$(PROJECT_DIR)/Pods/FirebaseCore/Frameworks/frameworks",
					"$(PROJECT_DIR)/Pods/FirebaseInstanceID/Frameworks/frameworks",
					"$(PROJECT_DIR)/Pods/GoogleInterchangeUtilities/Frameworks/frameworks",
					"$(PROJECT_DIR)/Pods/GoogleSymbolUtilities/Frameworks/frameworks",
				);
				INFOPLIST_FILE = "$(SRCROOT)/parkD/Info.plist";
				IPHONEOS_DEPLOYMENT_TARGET = 10.1;
				LD_RUNPATH_SEARCH_PATHS = "$(inherited) @executable_path/Frameworks";
				PRODUCT_BUNDLE_IDENTIFIER = ece590.parkD;
				PRODUCT_NAME = "$(TARGET_NAME)";
				SWIFT_VERSION = 3.0;
			};
			name = Release;
		};
		54FF597E1DD276F000F470F6 /* Debug */ = {
			isa = XCBuildConfiguration;
			buildSettings = {
				ALWAYS_EMBED_SWIFT_STANDARD_LIBRARIES = YES;
				BUNDLE_LOADER = "$(TEST_HOST)";
				DEVELOPMENT_TEAM = U6J58C8CJT;
				FRAMEWORK_SEARCH_PATHS = (
					"$(inherited)",
					"$(PROJECT_DIR)/Pods/FirebaseAnalytics/Frameworks/frameworks",
					"$(PROJECT_DIR)/Pods/FirebaseCore/Frameworks/frameworks",
					"$(PROJECT_DIR)/Pods/FirebaseInstanceID/Frameworks/frameworks",
					"$(PROJECT_DIR)/Pods/GoogleInterchangeUtilities/Frameworks/frameworks",
					"$(PROJECT_DIR)/Pods/GoogleSymbolUtilities/Frameworks/frameworks",
				);
				INFOPLIST_FILE = parkDTests/Info.plist;
				LD_RUNPATH_SEARCH_PATHS = "$(inherited) @executable_path/Frameworks @loader_path/Frameworks";
				PRODUCT_BUNDLE_IDENTIFIER = ece590.parkDTests;
				PRODUCT_NAME = "$(TARGET_NAME)";
				SWIFT_VERSION = 3.0;
				TEST_HOST = "$(BUILT_PRODUCTS_DIR)/parkD.app/parkD";
			};
			name = Debug;
		};
		54FF597F1DD276F000F470F6 /* Release */ = {
			isa = XCBuildConfiguration;
			buildSettings = {
				ALWAYS_EMBED_SWIFT_STANDARD_LIBRARIES = YES;
				BUNDLE_LOADER = "$(TEST_HOST)";
				DEVELOPMENT_TEAM = U6J58C8CJT;
				FRAMEWORK_SEARCH_PATHS = (
					"$(inherited)",
					"$(PROJECT_DIR)/Pods/FirebaseAnalytics/Frameworks/frameworks",
					"$(PROJECT_DIR)/Pods/FirebaseCore/Frameworks/frameworks",
					"$(PROJECT_DIR)/Pods/FirebaseInstanceID/Frameworks/frameworks",
					"$(PROJECT_DIR)/Pods/GoogleInterchangeUtilities/Frameworks/frameworks",
					"$(PROJECT_DIR)/Pods/GoogleSymbolUtilities/Frameworks/frameworks",
				);
				INFOPLIST_FILE = parkDTests/Info.plist;
				LD_RUNPATH_SEARCH_PATHS = "$(inherited) @executable_path/Frameworks @loader_path/Frameworks";
				PRODUCT_BUNDLE_IDENTIFIER = ece590.parkDTests;
				PRODUCT_NAME = "$(TARGET_NAME)";
				SWIFT_VERSION = 3.0;
				TEST_HOST = "$(BUILT_PRODUCTS_DIR)/parkD.app/parkD";
			};
			name = Release;
		};
		54FF59811DD276F000F470F6 /* Debug */ = {
			isa = XCBuildConfiguration;
			buildSettings = {
				ALWAYS_EMBED_SWIFT_STANDARD_LIBRARIES = YES;
				DEVELOPMENT_TEAM = U6J58C8CJT;
				FRAMEWORK_SEARCH_PATHS = (
					"$(inherited)",
					"$(PROJECT_DIR)/Pods/FirebaseAnalytics/Frameworks/frameworks",
					"$(PROJECT_DIR)/Pods/FirebaseCore/Frameworks/frameworks",
					"$(PROJECT_DIR)/Pods/FirebaseInstanceID/Frameworks/frameworks",
					"$(PROJECT_DIR)/Pods/GoogleInterchangeUtilities/Frameworks/frameworks",
					"$(PROJECT_DIR)/Pods/GoogleSymbolUtilities/Frameworks/frameworks",
				);
				INFOPLIST_FILE = parkDUITests/Info.plist;
				LD_RUNPATH_SEARCH_PATHS = "$(inherited) @executable_path/Frameworks @loader_path/Frameworks";
				PRODUCT_BUNDLE_IDENTIFIER = ece590.parkDUITests;
				PRODUCT_NAME = "$(TARGET_NAME)";
				SWIFT_VERSION = 3.0;
				TEST_TARGET_NAME = parkD;
			};
			name = Debug;
		};
		54FF59821DD276F000F470F6 /* Release */ = {
			isa = XCBuildConfiguration;
			buildSettings = {
				ALWAYS_EMBED_SWIFT_STANDARD_LIBRARIES = YES;
				DEVELOPMENT_TEAM = U6J58C8CJT;
				FRAMEWORK_SEARCH_PATHS = (
					"$(inherited)",
					"$(PROJECT_DIR)/Pods/FirebaseAnalytics/Frameworks/frameworks",
					"$(PROJECT_DIR)/Pods/FirebaseCore/Frameworks/frameworks",
					"$(PROJECT_DIR)/Pods/FirebaseInstanceID/Frameworks/frameworks",
					"$(PROJECT_DIR)/Pods/GoogleInterchangeUtilities/Frameworks/frameworks",
					"$(PROJECT_DIR)/Pods/GoogleSymbolUtilities/Frameworks/frameworks",
				);
				INFOPLIST_FILE = parkDUITests/Info.plist;
				LD_RUNPATH_SEARCH_PATHS = "$(inherited) @executable_path/Frameworks @loader_path/Frameworks";
				PRODUCT_BUNDLE_IDENTIFIER = ece590.parkDUITests;
				PRODUCT_NAME = "$(TARGET_NAME)";
				SWIFT_VERSION = 3.0;
				TEST_TARGET_NAME = parkD;
			};
			name = Release;
		};
/* End XCBuildConfiguration section */

/* Begin XCConfigurationList section */
		54FF594D1DD276F000F470F6 /* Build configuration list for PBXProject "parkD" */ = {
			isa = XCConfigurationList;
			buildConfigurations = (
				54FF59781DD276F000F470F6 /* Debug */,
				54FF59791DD276F000F470F6 /* Release */,
			);
			defaultConfigurationIsVisible = 0;
			defaultConfigurationName = Release;
		};
		54FF597A1DD276F000F470F6 /* Build configuration list for PBXNativeTarget "parkD" */ = {
			isa = XCConfigurationList;
			buildConfigurations = (
				54FF597B1DD276F000F470F6 /* Debug */,
				54FF597C1DD276F000F470F6 /* Release */,
			);
			defaultConfigurationIsVisible = 0;
			defaultConfigurationName = Release;
		};
		54FF597D1DD276F000F470F6 /* Build configuration list for PBXNativeTarget "parkDTests" */ = {
			isa = XCConfigurationList;
			buildConfigurations = (
				54FF597E1DD276F000F470F6 /* Debug */,
				54FF597F1DD276F000F470F6 /* Release */,
			);
			defaultConfigurationIsVisible = 0;
			defaultConfigurationName = Release;
		};
		54FF59801DD276F000F470F6 /* Build configuration list for PBXNativeTarget "parkDUITests" */ = {
			isa = XCConfigurationList;
			buildConfigurations = (
				54FF59811DD276F000F470F6 /* Debug */,
				54FF59821DD276F000F470F6 /* Release */,
			);
			defaultConfigurationIsVisible = 0;
			defaultConfigurationName = Release;
		};
/* End XCConfigurationList section */
	};
	rootObject = 54FF594A1DD276F000F470F6 /* Project object */;
}
